
Microsoft Visual Studio Solution File, Format Version 12.00
# Visual Studio 2013
VisualStudioVersion = 12.0.21005.1
MinimumVisualStudioVersion = 10.0.40219.1
Project("{FAE04EC0-301F-11D3-BF4B-00C04F79EFBC}") = "Client", "Client\Client.csproj", "{98E98C79-EF91-4CD2-B7DC-6017BE611545}"
EndProject
Project("{FAE04EC0-301F-11D3-BF4B-00C04F79EFBC}") = "HelloIndigo", "HelloIndigo\HelloIndigo.csproj", "{A2E6CBB5-416B-43AD-A087-80F86A97684D}"
EndProject
Project("{E24C65DC-7377-472B-9ABA-BC803B73C61A}") = "IISHostedService", "http://localhost/IISHostedService", "{5AD29E57-05BC-42BA-AEC6-0B2356D0C053}"
	ProjectSection(WebsiteProperties) = preProject
		UseIISExpress = "false"
		TargetFrameworkMoniker = ".NETFramework,Version%3Dv4.5"
		ProjectReferences = "{a2e6cbb5-416b-43ad-a087-80f86a97684d}|HelloIndigo.dll;"
		Debug.AspNetCompiler.VirtualPath = "/IISHostedService"
		Debug.AspNetCompiler.PhysicalPath = "C:\inetpub\wwwroot\IISHostedService\"
		Debug.AspNetCompiler.TargetPath = "PrecompiledWeb\IISHostedService\"
		Debug.AspNetCompiler.Updateable = "true"
		Debug.AspNetCompiler.ForceOverwrite = "true"
		Debug.AspNetCompiler.FixedNames = "false"
		Debug.AspNetCompiler.Debug = "True"
		Release.AspNetCompiler.VirtualPath = "/IISHostedService"
		Release.AspNetCompiler.PhysicalPath = "C:\inetpub\wwwroot\IISHostedService\"
		Release.AspNetCompiler.TargetPath = "PrecompiledWeb\IISHostedService\"
		Release.AspNetCompiler.Updateable = "true"
		Release.AspNetCompiler.ForceOverwrite = "true"
		Release.AspNetCompiler.FixedNames = "false"
		Release.AspNetCompiler.Debug = "False"
		SlnRelativePath = "C:\inetpub\wwwroot\IISHostedService\"
		DefaultWebSiteLanguage = "Visual C#"
	EndProjectSection
EndProject
Global
	GlobalSection(SolutionConfigurationPlatforms) = preSolution
		Debug|Any CPU = Debug|Any CPU
		Release|Any CPU = Release|Any CPU
	EndGlobalSection
	GlobalSection(ProjectConfigurationPlatforms) = postSolution
		{98E98C79-EF91-4CD2-B7DC-6017BE611545}.Debug|Any CPU.ActiveCfg = Debug|Any CPU
		{98E98C79-EF91-4CD2-B7DC-6017BE611545}.Debug|Any CPU.Build.0 = Debug|Any CPU
		{98E98C79-EF91-4CD2-B7DC-6017BE611545}.Release|Any CPU.ActiveCfg = Release|Any CPU
		{98E98C79-EF91-4CD2-B7DC-6017BE611545}.Release|Any CPU.Build.0 = Release|Any CPU
		{A2E6CBB5-416B-43AD-A087-80F86A97684D}.Debug|Any CPU.ActiveCfg = Debug|Any CPU
		{A2E6CBB5-416B-43AD-A087-80F86A97684D}.Debug|Any CPU.Build.0 = Debug|Any CPU
		{A2E6CBB5-416B-43AD-A087-80F86A97684D}.Release|Any CPU.ActiveCfg = Release|Any CPU
		{A2E6CBB5-416B-43AD-A087-80F86A97684D}.Release|Any CPU.Build.0 = Release|Any CPU
		{5AD29E57-05BC-42BA-AEC6-0B2356D0C053}.Debug|Any CPU.ActiveCfg = Debug|Any CPU
		{5AD29E57-05BC-42BA-AEC6-0B2356D0C053}.Debug|Any CPU.Build.0 = Debug|Any CPU
		{5AD29E57-05BC-42BA-AEC6-0B2356D0C053}.Release|Any CPU.ActiveCfg = Debug|Any CPU
		{5AD29E57-05BC-42BA-AEC6-0B2356D0C053}.Release|Any CPU.Build.0 = Debug|Any CPU
	EndGlobalSection
	GlobalSection(SolutionProperties) = preSolution
		HideSolutionNode = FALSE
	EndGlobalSection
EndGlobal
